
Microsoft Visual Studio Solution File, Format Version 12.00
# Visual Studio Version 16
VisualStudioVersion = 16.0.32228.343
MinimumVisualStudioVersion = 10.0.40219.1
Project("{FAE04EC0-301F-11D3-BF4B-00C04F79EFBC}") = "Kalkulator", "Kalkulator\Kalkulator.csproj", "{A8C311F4-DE2F-4E28-847B-55BEB2D63EC5}"
EndProject
Project("{FAE04EC0-301F-11D3-BF4B-00C04F79EFBC}") = "KalkulatorTest", "KalkulatorTest\KalkulatorTest.csproj", "{18C0FE33-AA7E-4677-8490-F570B4CAA79F}"
EndProject
Global
	GlobalSection(SolutionConfigurationPlatforms) = preSolution
		Debug|Any CPU = Debug|Any CPU
		Release|Any CPU = Release|Any CPU
	EndGlobalSection
	GlobalSection(ProjectConfigurationPlatforms) = postSolution
		{A8C311F4-DE2F-4E28-847B-55BEB2D63EC5}.Debug|Any CPU.ActiveCfg = Debug|Any CPU
		{A8C311F4-DE2F-4E28-847B-55BEB2D63EC5}.Debug|Any CPU.Build.0 = Debug|Any CPU
		{A8C311F4-DE2F-4E28-847B-55BEB2D63EC5}.Release|Any CPU.ActiveCfg = Release|Any CPU
		{A8C311F4-DE2F-4E28-847B-55BEB2D63EC5}.Release|Any CPU.Build.0 = Release|Any CPU
		{18C0FE33-AA7E-4677-8490-F570B4CAA79F}.Debug|Any CPU.ActiveCfg = Debug|Any CPU
		{18C0FE33-AA7E-4677-8490-F570B4CAA79F}.Debug|Any CPU.Build.0 = Debug|Any CPU
		{18C0FE33-AA7E-4677-8490-F570B4CAA79F}.Release|Any CPU.ActiveCfg = Release|Any CPU
		{18C0FE33-AA7E-4677-8490-F570B4CAA79F}.Release|Any CPU.Build.0 = Release|Any CPU
	EndGlobalSection
	GlobalSection(SolutionProperties) = preSolution
		HideSolutionNode = FALSE
	EndGlobalSection
	GlobalSection(ExtensibilityGlobals) = postSolution
		SolutionGuid = {96FFEBF2-32AE-491C-84E7-5D7F9E9850F0}
	EndGlobalSection
EndGlobal
